
Microsoft Visual Studio Solution File, Format Version 12.00
# Visual Studio Version 17
VisualStudioVersion = 17.8.34330.188
MinimumVisualStudioVersion = 10.0.40219.1
Project("{FAE04EC0-301F-11D3-BF4B-00C04F79EFBC}") = "MA.Data", "MA.Data\MA.Data.csproj", "{A0D4BE7B-CC16-4F78-B236-57FAE7765ABE}"
EndProject
Project("{FAE04EC0-301F-11D3-BF4B-00C04F79EFBC}") = "MA.Business", "MA.Business\MA.Business.csproj", "{A070D1BA-5E94-4958-A690-D765C1B0F523}"
EndProject
Project("{FAE04EC0-301F-11D3-BF4B-00C04F79EFBC}") = "MA.WebAPI", "MA.WebAPI\MA.WebAPI.csproj", "{9CC85FF8-1DA6-4C5E-B53E-F3AF2405ED74}"
EndProject
Global
	GlobalSection(SolutionConfigurationPlatforms) = preSolution
		Debug|Any CPU = Debug|Any CPU
		Release|Any CPU = Release|Any CPU
	EndGlobalSection
	GlobalSection(ProjectConfigurationPlatforms) = postSolution
		{A0D4BE7B-CC16-4F78-B236-57FAE7765ABE}.Debug|Any CPU.ActiveCfg = Debug|Any CPU
		{A0D4BE7B-CC16-4F78-B236-57FAE7765ABE}.Debug|Any CPU.Build.0 = Debug|Any CPU
		{A0D4BE7B-CC16-4F78-B236-57FAE7765ABE}.Release|Any CPU.ActiveCfg = Release|Any CPU
		{A0D4BE7B-CC16-4F78-B236-57FAE7765ABE}.Release|Any CPU.Build.0 = Release|Any CPU
		{A070D1BA-5E94-4958-A690-D765C1B0F523}.Debug|Any CPU.ActiveCfg = Debug|Any CPU
		{A070D1BA-5E94-4958-A690-D765C1B0F523}.Debug|Any CPU.Build.0 = Debug|Any CPU
		{A070D1BA-5E94-4958-A690-D765C1B0F523}.Release|Any CPU.ActiveCfg = Release|Any CPU
		{A070D1BA-5E94-4958-A690-D765C1B0F523}.Release|Any CPU.Build.0 = Release|Any CPU
		{9CC85FF8-1DA6-4C5E-B53E-F3AF2405ED74}.Debug|Any CPU.ActiveCfg = Debug|Any CPU
		{9CC85FF8-1DA6-4C5E-B53E-F3AF2405ED74}.Debug|Any CPU.Build.0 = Debug|Any CPU
		{9CC85FF8-1DA6-4C5E-B53E-F3AF2405ED74}.Release|Any CPU.ActiveCfg = Release|Any CPU
		{9CC85FF8-1DA6-4C5E-B53E-F3AF2405ED74}.Release|Any CPU.Build.0 = Release|Any CPU
	EndGlobalSection
	GlobalSection(SolutionProperties) = preSolution
		HideSolutionNode = FALSE
	EndGlobalSection
	GlobalSection(ExtensibilityGlobals) = postSolution
		SolutionGuid = {50645ECE-2DF5-407E-81AD-F94AA5FD4E25}
	EndGlobalSection
EndGlobal
